{
  "name": "CrossCode-PL",
  "lockfileVersion": 2,
  "requires": true,
  "packages": {
    "": {
      "devDependencies": {
        "ultimate-crosscode-typedefs": "dmitmel/ultimate-crosscode-typedefs"
      }
    },
    "node_modules/@types/jquery": {
      "version": "1.10.39",
      "resolved": "https://npm.alyxia.dev/@types%2fjquery/-/jquery-1.10.39.tgz",
      "integrity": "sha512-vY3MK/wp1XxEhXzmtFk0Ce5x2Y6PEVXz6hoCooe364O4OdFZVb5XT/qgHmflF/SHD0tDtCejvP9qolCYfX7XWA==",
      "dev": true,
      "license": "MIT"
    },
    "node_modules/@types/node": {
      "version": "17.0.10",
      "resolved": "https://npm.alyxia.dev/@types%2fnode/-/node-17.0.10.tgz",
      "integrity": "sha512-S/3xB4KzyFxYGCppyDt68yzBU9ysL88lSdIah4D6cptdcltc4NCPCAMc0+PCpg/lLIyC7IPvj2Z52OJWeIUkog==",
      "dev": true,
      "license": "MIT"
    },
    "node_modules/@types/semver": {
      "version": "6.2.3",
      "resolved": "https://npm.alyxia.dev/@types%2fsemver/-/semver-6.2.3.tgz",
      "integrity": "sha512-KQf+QAMWKMrtBMsB8/24w53tEsxllMj6TuA80TT/5igJalLI/zm0L3oXRbIAl4Ohfc85gyHX/jhMwsVkmhLU4A==",
      "dev": true,
      "license": "MIT"
    },
    "node_modules/ultimate-crosscode-typedefs": {
      "version": "0.0.1",
      "resolved": "git+ssh://git@github.com/dmitmel/ultimate-crosscode-typedefs.git#516ac780674110d5b51ffe7963fcad2c4785e82d",
      "dev": true,
      "dependencies": {
        "@types/jquery": "1.10.x",
        "@types/node": ">=11.9",
        "@types/semver": "6.2.x || 6.3.x"
      },
      "engines": {
        "node": ">=10.0.0"
      }
    }
  },
  "dependencies": {
    "@types/jquery": {
      "version": "1.10.39",
      "resolved": "https://npm.alyxia.dev/@types%2fjquery/-/jquery-1.10.39.tgz",
      "integrity": "sha512-vY3MK/wp1XxEhXzmtFk0Ce5x2Y6PEVXz6hoCooe364O4OdFZVb5XT/qgHmflF/SHD0tDtCejvP9qolCYfX7XWA==",
      "dev": true
    },
    "@types/node": {
      "version": "17.0.10",
      "resolved": "https://npm.alyxia.dev/@types%2fnode/-/node-17.0.10.tgz",
      "integrity": "sha512-S/3xB4KzyFxYGCppyDt68yzBU9ysL88lSdIah4D6cptdcltc4NCPCAMc0+PCpg/lLIyC7IPvj2Z52OJWeIUkog==",
      "dev": true
    },
    "@types/semver": {
      "version": "6.2.3",
      "resolved": "https://npm.alyxia.dev/@types%2fsemver/-/semver-6.2.3.tgz",
      "integrity": "sha512-KQf+QAMWKMrtBMsB8/24w53tEsxllMj6TuA80TT/5igJalLI/zm0L3oXRbIAl4Ohfc85gyHX/jhMwsVkmhLU4A==",
      "dev": true
    },
    "ultimate-crosscode-typedefs": {
      "version": "git+ssh://git@github.com/dmitmel/ultimate-crosscode-typedefs.git#516ac780674110d5b51ffe7963fcad2c4785e82d",
      "dev": true,
      "from": "ultimate-crosscode-typedefs@dmitmel/ultimate-crosscode-typedefs",
      "requires": {
        "@types/jquery": "1.10.x",
        "@types/node": ">=11.9",
        "@types/semver": "6.2.x || 6.3.x"
      }
    }
  }
}
